
Microsoft Visual Studio Solution File, Format Version 12.00
# Visual Studio 15
VisualStudioVersion = 15.0.28307.779
MinimumVisualStudioVersion = 10.0.40219.1
Project("{FAE04EC0-301F-11D3-BF4B-00C04F79EFBC}") = "Trab_Final_POO", "Trab_Final_POO\Trab_Final_POO.csproj", "{062BB3C2-AE5B-4AD8-AD86-33AA9287F6D1}"
EndProject
Global
	GlobalSection(SolutionConfigurationPlatforms) = preSolution
		Debug|Any CPU = Debug|Any CPU
		Release|Any CPU = Release|Any CPU
	EndGlobalSection
	GlobalSection(ProjectConfigurationPlatforms) = postSolution
		{062BB3C2-AE5B-4AD8-AD86-33AA9287F6D1}.Debug|Any CPU.ActiveCfg = Debug|Any CPU
		{062BB3C2-AE5B-4AD8-AD86-33AA9287F6D1}.Debug|Any CPU.Build.0 = Debug|Any CPU
		{062BB3C2-AE5B-4AD8-AD86-33AA9287F6D1}.Release|Any CPU.ActiveCfg = Release|Any CPU
		{062BB3C2-AE5B-4AD8-AD86-33AA9287F6D1}.Release|Any CPU.Build.0 = Release|Any CPU
	EndGlobalSection
	GlobalSection(SolutionProperties) = preSolution
		HideSolutionNode = FALSE
	EndGlobalSection
	GlobalSection(ExtensibilityGlobals) = postSolution
		SolutionGuid = {E11A42DB-25DB-425B-8F68-A9E3C64A07A8}
	EndGlobalSection
EndGlobal
